
Microsoft Visual Studio Solution File, Format Version 12.00
Project("{FAE04EC0-301F-11D3-BF4B-00C04F79EFBC}") = "CS_First_HTTP_Client", "CS_First_HTTP_Client.csproj", "{DF46743C-A312-4D08-97E7-30C7D989CBBA}"
EndProject
Global
	GlobalSection(SolutionConfigurationPlatforms) = preSolution
		Debug|Any CPU = Debug|Any CPU
		Release|Any CPU = Release|Any CPU
	EndGlobalSection
	GlobalSection(ProjectConfigurationPlatforms) = postSolution
		{DF46743C-A312-4D08-97E7-30C7D989CBBA}.Debug|Any CPU.ActiveCfg = Debug|Any CPU
		{DF46743C-A312-4D08-97E7-30C7D989CBBA}.Debug|Any CPU.Build.0 = Debug|Any CPU
		{DF46743C-A312-4D08-97E7-30C7D989CBBA}.Release|Any CPU.ActiveCfg = Release|Any CPU
		{DF46743C-A312-4D08-97E7-30C7D989CBBA}.Release|Any CPU.Build.0 = Release|Any CPU
	EndGlobalSection
EndGlobal
